{
    "requires": true,
    "lockfileVersion": 1,
    "dependencies": {
        "dhtmlx-gantt": {
            "version": "5.2.0",
            "resolved": "https://registry.npmjs.org/dhtmlx-gantt/-/dhtmlx-gantt-5.2.0.tgz",
            "integrity": "sha1-BowOkxxqmW7U498lBkSubM+yABQ="
        }
    }
}
